{
  "name": "@pmoo/testy",
  "version": "7.0.2",
  "lockfileVersion": 2,
  "requires": true,
  "packages": {
    "": {
      "name": "@pmoo/testy",
      "version": "7.0.2",
      "license": "MIT",
      "bin": {
        "testy": "bin/testy_cli.js"
      },
      "engines": {
        "node": ">= 18.*"
      }
    }
  }
}
