{
  "name": "@pmoo/testy",
  "version": "7.1.0",
  "lockfileVersion": 2,
  "requires": true,
  "packages": {
    "": {
      "name": "@pmoo/testy",
      "version": "7.1.0",
      "license": "MIT",
      "bin": {
        "testy": "bin/testy_cli.js"
      },
      "devDependencies": {
        "@pmoo/testy": "7.1.0"
      },
      "engines": {
        "node": ">= 18.*"
      }
    },
    "node_modules/@pmoo/testy": {
      "version": "7.1.0",
      "resolved": "https://registry.npmjs.org/@pmoo/testy/-/testy-7.1.0.tgz",
      "integrity": "sha512-z24asxMdjMlJ6gDcwfwzkiAkC1u9+paUeq5nGaKVhMKoC+QW1cfqnRsdvOff7cndy3Lbpqf0q9DOuQ6HnOCAJg==",
      "dev": true,
      "bin": {
        "testy": "bin/testy_cli.js"
      },
      "engines": {
        "node": ">= 18.*"
      }
    }
  },
  "dependencies": {
    "@pmoo/testy": {
      "version": "7.1.0",
      "resolved": "https://registry.npmjs.org/@pmoo/testy/-/testy-7.1.0.tgz",
      "integrity": "sha512-z24asxMdjMlJ6gDcwfwzkiAkC1u9+paUeq5nGaKVhMKoC+QW1cfqnRsdvOff7cndy3Lbpqf0q9DOuQ6HnOCAJg==",
      "dev": true
    }
  }
}
